// !$*UTF8*$!
{
	archiveVersion = 1;
	classes = {
	};
	objectVersion = 48;
	objects = {

/* Begin PBXBuildFile section */
		F42349891FB28627004B260E /* ListDetailViewController.swift in Sources */ = {isa = PBXBuildFile; fileRef = F42349881FB28627004B260E /* ListDetailViewController.swift */; };
		F4A356891FAE316100F748FD /* ChecklistTableViewController.swift in Sources */ = {isa = PBXBuildFile; fileRef = F4A356881FAE316100F748FD /* ChecklistTableViewController.swift */; };
		F4A3568B1FAE349200F748FD /* ChecklistItem.swift in Sources */ = {isa = PBXBuildFile; fileRef = F4A3568A1FAE349200F748FD /* ChecklistItem.swift */; };
		F4A3568D1FAE362000F748FD /* ChecklistTableViewCell.swift in Sources */ = {isa = PBXBuildFile; fileRef = F4A3568C1FAE362000F748FD /* ChecklistTableViewCell.swift */; };
		F4A3568F1FAE42FE00F748FD /* AddItemViewController.swift in Sources */ = {isa = PBXBuildFile; fileRef = F4A3568E1FAE42FE00F748FD /* AddItemViewController.swift */; };
		F4AC55CD1FD6052900973E09 /* IconPickerTableViewController.swift in Sources */ = {isa = PBXBuildFile; fileRef = F4AC55CC1FD6052900973E09 /* IconPickerTableViewController.swift */; };
		F4CB7C411FACE93600B779B9 /* AppDelegate.swift in Sources */ = {isa = PBXBuildFile; fileRef = F4CB7C401FACE93600B779B9 /* AppDelegate.swift */; };
		F4CB7C461FACE93600B779B9 /* Main.storyboard in Resources */ = {isa = PBXBuildFile; fileRef = F4CB7C441FACE93600B779B9 /* Main.storyboard */; };
		F4CB7C481FACE93600B779B9 /* Assets.xcassets in Resources */ = {isa = PBXBuildFile; fileRef = F4CB7C471FACE93600B779B9 /* Assets.xcassets */; };
		F4CB7C531FACEA0400B779B9 /* .gitignore in Resources */ = {isa = PBXBuildFile; fileRef = F4CB7C521FACEA0300B779B9 /* .gitignore */; };
		F4DBE2852044E42D006A42F7 /* Gemfile in Resources */ = {isa = PBXBuildFile; fileRef = F4DBE2842044E42D006A42F7 /* Gemfile */; };
		F4DBE2872044E444006A42F7 /* Gemfile.lock in Resources */ = {isa = PBXBuildFile; fileRef = F4DBE2862044E444006A42F7 /* Gemfile.lock */; };
		F4DBE2922044EA63006A42F7 /* afazerUITests.swift in Sources */ = {isa = PBXBuildFile; fileRef = F4DBE2912044EA63006A42F7 /* afazerUITests.swift */; };
		F4DBE29A2044EA86006A42F7 /* SnapshotHelper.swift in Sources */ = {isa = PBXBuildFile; fileRef = F4DBE2992044EA86006A42F7 /* SnapshotHelper.swift */; };
		F4DBE2E1204502F4006A42F7 /* iPhone 7-Checklist Items.png in Resources */ = {isa = PBXBuildFile; fileRef = F4DBE29E204502F4006A42F7 /* iPhone 7-Checklist Items.png */; };
		F4DBE2E2204502F4006A42F7 /* iPhone 7 Plus-Checklist Items_framed.png in Resources */ = {isa = PBXBuildFile; fileRef = F4DBE29F204502F4006A42F7 /* iPhone 7 Plus-Checklist Items_framed.png */; };
		F4DBE2E3204502F4006A42F7 /* iPhone 7 Plus-Checklist Items.png in Resources */ = {isa = PBXBuildFile; fileRef = F4DBE2A0204502F4006A42F7 /* iPhone 7 Plus-Checklist Items.png */; };
		F4DBE2E4204502F4006A42F7 /* iPhone 6-Checklist Items.png in Resources */ = {isa = PBXBuildFile; fileRef = F4DBE2A1204502F4006A42F7 /* iPhone 6-Checklist Items.png */; };
		F4DBE2E5204502F4006A42F7 /* iPhone 7-Add Checklist.png in Resources */ = {isa = PBXBuildFile; fileRef = F4DBE2A2204502F4006A42F7 /* iPhone 7-Add Checklist.png */; };
		F4DBE2E6204502F4006A42F7 /* iPhone 7 Plus-Add Checklist Item.png in Resources */ = {isa = PBXBuildFile; fileRef = F4DBE2A3204502F4006A42F7 /* iPhone 7 Plus-Add Checklist Item.png */; };
		F4DBE2E7204502F4006A42F7 /* iPhone 6 Plus-Main.png in Resources */ = {isa = PBXBuildFile; fileRef = F4DBE2A4204502F4006A42F7 /* iPhone 6 Plus-Main.png */; };
		F4DBE2E8204502F4006A42F7 /* iPhone 7 Plus-Edit Checklist_framed.png in Resources */ = {isa = PBXBuildFile; fileRef = F4DBE2A5204502F4006A42F7 /* iPhone 7 Plus-Edit Checklist_framed.png */; };
		F4DBE2E9204502F4006A42F7 /* iPhone 5s-Add Checklist.png in Resources */ = {isa = PBXBuildFile; fileRef = F4DBE2A6204502F4006A42F7 /* iPhone 5s-Add Checklist.png */; };
		F4DBE2EA204502F4006A42F7 /* iPhone 6-Edit Checklist Item.png in Resources */ = {isa = PBXBuildFile; fileRef = F4DBE2A7204502F4006A42F7 /* iPhone 6-Edit Checklist Item.png */; };
		F4DBE2EB204502F4006A42F7 /* iPhone 5s-Add Checklist Item_framed.png in Resources */ = {isa = PBXBuildFile; fileRef = F4DBE2A8204502F4006A42F7 /* iPhone 5s-Add Checklist Item_framed.png */; };
		F4DBE2EC204502F4006A42F7 /* iPhone 6 Plus-Add Checklist.png in Resources */ = {isa = PBXBuildFile; fileRef = F4DBE2A9204502F4006A42F7 /* iPhone 6 Plus-Add Checklist.png */; };
		F4DBE2ED204502F4006A42F7 /* iPhone 7 Plus-Edit Checklist Item.png in Resources */ = {isa = PBXBuildFile; fileRef = F4DBE2AA204502F4006A42F7 /* iPhone 7 Plus-Edit Checklist Item.png */; };
		F4DBE2EE204502F4006A42F7 /* iPhone 6-Add Checklist.png in Resources */ = {isa = PBXBuildFile; fileRef = F4DBE2AB204502F4006A42F7 /* iPhone 6-Add Checklist.png */; };
		F4DBE2EF204502F4006A42F7 /* iPhone 5s-Checklist Items_framed.png in Resources */ = {isa = PBXBuildFile; fileRef = F4DBE2AC204502F4006A42F7 /* iPhone 5s-Checklist Items_framed.png */; };
		F4DBE2F0204502F4006A42F7 /* iPhone 6-Add Checklist Item_framed.png in Resources */ = {isa = PBXBuildFile; fileRef = F4DBE2AD204502F4006A42F7 /* iPhone 6-Add Checklist Item_framed.png */; };
		F4DBE2F1204502F4006A42F7 /* iPhone 6 Plus-Edit Checklist.png in Resources */ = {isa = PBXBuildFile; fileRef = F4DBE2AE204502F4006A42F7 /* iPhone 6 Plus-Edit Checklist.png */; };
		F4DBE2F2204502F4006A42F7 /* iPhone 6 Plus-Add Checklist Item.png in Resources */ = {isa = PBXBuildFile; fileRef = F4DBE2AF204502F4006A42F7 /* iPhone 6 Plus-Add Checklist Item.png */; };
		F4DBE2F3204502F4006A42F7 /* iPhone 6 Plus-Edit Checklist Item_framed.png in Resources */ = {isa = PBXBuildFile; fileRef = F4DBE2B0204502F4006A42F7 /* iPhone 6 Plus-Edit Checklist Item_framed.png */; };
		F4DBE2F4204502F4006A42F7 /* iPhone 5s-Edit Checklist Item.png in Resources */ = {isa = PBXBuildFile; fileRef = F4DBE2B1204502F4006A42F7 /* iPhone 5s-Edit Checklist Item.png */; };
		F4DBE2F5204502F4006A42F7 /* iPhone 7 Plus-Add Checklist.png in Resources */ = {isa = PBXBuildFile; fileRef = F4DBE2B2204502F4006A42F7 /* iPhone 7 Plus-Add Checklist.png */; };
		F4DBE2F6204502F4006A42F7 /* iPhone 6-Edit Checklist.png in Resources */ = {isa = PBXBuildFile; fileRef = F4DBE2B3204502F4006A42F7 /* iPhone 6-Edit Checklist.png */; };
		F4DBE2F7204502F4006A42F7 /* iPhone 6 Plus-Edit Checklist_framed.png in Resources */ = {isa = PBXBuildFile; fileRef = F4DBE2B4204502F4006A42F7 /* iPhone 6 Plus-Edit Checklist_framed.png */; };
		F4DBE2F8204502F4006A42F7 /* iPhone 5s-Checklist Items.png in Resources */ = {isa = PBXBuildFile; fileRef = F4DBE2B5204502F4006A42F7 /* iPhone 5s-Checklist Items.png */; };
		F4DBE2F9204502F4006A42F7 /* iPhone 5s-Edit Checklist_framed.png in Resources */ = {isa = PBXBuildFile; fileRef = F4DBE2B6204502F4006A42F7 /* iPhone 5s-Edit Checklist_framed.png */; };
		F4DBE2FA204502F4006A42F7 /* iPhone 7-Edit Checklist_framed.png in Resources */ = {isa = PBXBuildFile; fileRef = F4DBE2B7204502F4006A42F7 /* iPhone 7-Edit Checklist_framed.png */; };
		F4DBE2FB204502F4006A42F7 /* iPhone 6 Plus-Checklist Items.png in Resources */ = {isa = PBXBuildFile; fileRef = F4DBE2B8204502F4006A42F7 /* iPhone 6 Plus-Checklist Items.png */; };
		F4DBE2FC204502F4006A42F7 /* iPhone 7-Add Checklist Item_framed.png in Resources */ = {isa = PBXBuildFile; fileRef = F4DBE2B9204502F4006A42F7 /* iPhone 7-Add Checklist Item_framed.png */; };
		F4DBE2FD204502F4006A42F7 /* iPhone 7 Plus-Main_framed.png in Resources */ = {isa = PBXBuildFile; fileRef = F4DBE2BA204502F4006A42F7 /* iPhone 7 Plus-Main_framed.png */; };
		F4DBE2FE204502F4006A42F7 /* iPhone 7 Plus-Edit Checklist.png in Resources */ = {isa = PBXBuildFile; fileRef = F4DBE2BB204502F4006A42F7 /* iPhone 7 Plus-Edit Checklist.png */; };
		F4DBE2FF204502F4006A42F7 /* iPhone 7-Checklist Items_framed.png in Resources */ = {isa = PBXBuildFile; fileRef = F4DBE2BC204502F4006A42F7 /* iPhone 7-Checklist Items_framed.png */; };
		F4DBE300204502F4006A42F7 /* iPhone 5s-Main_framed.png in Resources */ = {isa = PBXBuildFile; fileRef = F4DBE2BD204502F4006A42F7 /* iPhone 5s-Main_framed.png */; };
		F4DBE301204502F4006A42F7 /* iPhone 6-Edit Checklist Item_framed.png in Resources */ = {isa = PBXBuildFile; fileRef = F4DBE2BE204502F4006A42F7 /* iPhone 6-Edit Checklist Item_framed.png */; };
		F4DBE302204502F4006A42F7 /* iPhone 7-Edit Checklist Item.png in Resources */ = {isa = PBXBuildFile; fileRef = F4DBE2BF204502F4006A42F7 /* iPhone 7-Edit Checklist Item.png */; };
		F4DBE303204502F4006A42F7 /* iPhone 5s-Add Checklist_framed.png in Resources */ = {isa = PBXBuildFile; fileRef = F4DBE2C0204502F4006A42F7 /* iPhone 5s-Add Checklist_framed.png */; };
		F4DBE304204502F4006A42F7 /* iPhone 6-Edit Checklist_framed.png in Resources */ = {isa = PBXBuildFile; fileRef = F4DBE2C1204502F4006A42F7 /* iPhone 6-Edit Checklist_framed.png */; };
		F4DBE305204502F4006A42F7 /* iPhone 5s-Edit Checklist Item_framed.png in Resources */ = {isa = PBXBuildFile; fileRef = F4DBE2C2204502F4006A42F7 /* iPhone 5s-Edit Checklist Item_framed.png */; };
		F4DBE306204502F4006A42F7 /* iPhone 6-Main.png in Resources */ = {isa = PBXBuildFile; fileRef = F4DBE2C3204502F4006A42F7 /* iPhone 6-Main.png */; };
		F4DBE307204502F4006A42F7 /* iPhone 7-Main.png in Resources */ = {isa = PBXBuildFile; fileRef = F4DBE2C4204502F4006A42F7 /* iPhone 7-Main.png */; };
		F4DBE308204502F4006A42F7 /* iPhone 6-Main_framed.png in Resources */ = {isa = PBXBuildFile; fileRef = F4DBE2C5204502F4006A42F7 /* iPhone 6-Main_framed.png */; };
		F4DBE309204502F4006A42F7 /* iPhone 7 Plus-Add Checklist_framed.png in Resources */ = {isa = PBXBuildFile; fileRef = F4DBE2C6204502F4006A42F7 /* iPhone 7 Plus-Add Checklist_framed.png */; };
		F4DBE30A204502F4006A42F7 /* iPhone 5s-Edit Checklist.png in Resources */ = {isa = PBXBuildFile; fileRef = F4DBE2C7204502F4006A42F7 /* iPhone 5s-Edit Checklist.png */; };
		F4DBE30B204502F4006A42F7 /* iPhone 6-Add Checklist_framed.png in Resources */ = {isa = PBXBuildFile; fileRef = F4DBE2C8204502F4006A42F7 /* iPhone 6-Add Checklist_framed.png */; };
		F4DBE30C204502F4006A42F7 /* iPhone 5s-Add Checklist Item.png in Resources */ = {isa = PBXBuildFile; fileRef = F4DBE2C9204502F4006A42F7 /* iPhone 5s-Add Checklist Item.png */; };
		F4DBE30D204502F4006A42F7 /* iPhone 6 Plus-Add Checklist Item_framed.png in Resources */ = {isa = PBXBuildFile; fileRef = F4DBE2CA204502F4006A42F7 /* iPhone 6 Plus-Add Checklist Item_framed.png */; };
		F4DBE30E204502F4006A42F7 /* iPhone 7-Edit Checklist.png in Resources */ = {isa = PBXBuildFile; fileRef = F4DBE2CB204502F4006A42F7 /* iPhone 7-Edit Checklist.png */; };
		F4DBE30F204502F4006A42F7 /* iPhone 6-Add Checklist Item.png in Resources */ = {isa = PBXBuildFile; fileRef = F4DBE2CC204502F4006A42F7 /* iPhone 6-Add Checklist Item.png */; };
		F4DBE310204502F4006A42F7 /* iPhone 6 Plus-Edit Checklist Item.png in Resources */ = {isa = PBXBuildFile; fileRef = F4DBE2CD204502F4006A42F7 /* iPhone 6 Plus-Edit Checklist Item.png */; };
		F4DBE311204502F4006A42F7 /* iPhone 7-Add Checklist_framed.png in Resources */ = {isa = PBXBuildFile; fileRef = F4DBE2CE204502F4006A42F7 /* iPhone 7-Add Checklist_framed.png */; };
		F4DBE312204502F4006A42F7 /* iPhone 7-Add Checklist Item.png in Resources */ = {isa = PBXBuildFile; fileRef = F4DBE2CF204502F4006A42F7 /* iPhone 7-Add Checklist Item.png */; };
		F4DBE313204502F4006A42F7 /* iPhone 7 Plus-Edit Checklist Item_framed.png in Resources */ = {isa = PBXBuildFile; fileRef = F4DBE2D0204502F4006A42F7 /* iPhone 7 Plus-Edit Checklist Item_framed.png */; };
		F4DBE314204502F4006A42F7 /* iPhone 7-Main_framed.png in Resources */ = {isa = PBXBuildFile; fileRef = F4DBE2D1204502F4006A42F7 /* iPhone 7-Main_framed.png */; };
		F4DBE315204502F4006A42F7 /* iPhone 6 Plus-Main_framed.png in Resources */ = {isa = PBXBuildFile; fileRef = F4DBE2D2204502F4006A42F7 /* iPhone 6 Plus-Main_framed.png */; };
		F4DBE316204502F4006A42F7 /* iPhone 6 Plus-Checklist Items_framed.png in Resources */ = {isa = PBXBuildFile; fileRef = F4DBE2D3204502F4006A42F7 /* iPhone 6 Plus-Checklist Items_framed.png */; };
		F4DBE317204502F4006A42F7 /* iPhone 5s-Main.png in Resources */ = {isa = PBXBuildFile; fileRef = F4DBE2D4204502F4006A42F7 /* iPhone 5s-Main.png */; };
		F4DBE318204502F4006A42F7 /* iPhone 7-Edit Checklist Item_framed.png in Resources */ = {isa = PBXBuildFile; fileRef = F4DBE2D5204502F4006A42F7 /* iPhone 7-Edit Checklist Item_framed.png */; };
		F4DBE319204502F4006A42F7 /* iPhone 6-Checklist Items_framed.png in Resources */ = {isa = PBXBuildFile; fileRef = F4DBE2D6204502F4006A42F7 /* iPhone 6-Checklist Items_framed.png */; };
		F4DBE31A204502F4006A42F7 /* iPhone 6 Plus-Add Checklist_framed.png in Resources */ = {isa = PBXBuildFile; fileRef = F4DBE2D7204502F4006A42F7 /* iPhone 6 Plus-Add Checklist_framed.png */; };
		F4DBE31B204502F4006A42F7 /* iPhone 7 Plus-Add Checklist Item_framed.png in Resources */ = {isa = PBXBuildFile; fileRef = F4DBE2D8204502F4006A42F7 /* iPhone 7 Plus-Add Checklist Item_framed.png */; };
		F4DBE31C204502F4006A42F7 /* iPhone 7 Plus-Main.png in Resources */ = {isa = PBXBuildFile; fileRef = F4DBE2D9204502F4006A42F7 /* iPhone 7 Plus-Main.png */; };
		F4DBE31D204502F4006A42F7 /* screenshots.html in Resources */ = {isa = PBXBuildFile; fileRef = F4DBE2DA204502F4006A42F7 /* screenshots.html */; };
		F4DBE31E204502F4006A42F7 /* Appfile in Resources */ = {isa = PBXBuildFile; fileRef = F4DBE2DB204502F4006A42F7 /* Appfile */; };
		F4DBE320204502F4006A42F7 /* Fastfile in Resources */ = {isa = PBXBuildFile; fileRef = F4DBE2DD204502F4006A42F7 /* Fastfile */; };
		F4DBE321204502F4006A42F7 /* README.md in Resources */ = {isa = PBXBuildFile; fileRef = F4DBE2DE204502F4006A42F7 /* README.md */; };
		F4DBE322204502F4006A42F7 /* report.xml in Resources */ = {isa = PBXBuildFile; fileRef = F4DBE2DF204502F4006A42F7 /* report.xml */; };
		F4DBE323204502F4006A42F7 /* Snapfile in Resources */ = {isa = PBXBuildFile; fileRef = F4DBE2E0204502F4006A42F7 /* Snapfile */; };
		F4F566921FB0B26500D26B90 /* AllListsTableViewController.swift in Sources */ = {isa = PBXBuildFile; fileRef = F4F566911FB0B26500D26B90 /* AllListsTableViewController.swift */; };
		F4F566941FB0B50C00D26B90 /* AllListsTableViewCell.swift in Sources */ = {isa = PBXBuildFile; fileRef = F4F566931FB0B50C00D26B90 /* AllListsTableViewCell.swift */; };
		F4F566961FB0B65200D26B90 /* Checklist.swift in Sources */ = {isa = PBXBuildFile; fileRef = F4F566951FB0B65200D26B90 /* Checklist.swift */; };
/* End PBXBuildFile section */

/* Begin PBXContainerItemProxy section */
		F4DBE2942044EA63006A42F7 /* PBXContainerItemProxy */ = {
			isa = PBXContainerItemProxy;
			containerPortal = F4CB7C351FACE93600B779B9 /* Project object */;
			proxyType = 1;
			remoteGlobalIDString = F4CB7C3C1FACE93600B779B9;
			remoteInfo = afazer;
		};
/* End PBXContainerItemProxy section */

/* Begin PBXFileReference section */
		F42349881FB28627004B260E /* ListDetailViewController.swift */ = {isa = PBXFileReference; lastKnownFileType = sourcecode.swift; path = ListDetailViewController.swift; sourceTree = "<group>"; };
		F4A356881FAE316100F748FD /* ChecklistTableViewController.swift */ = {isa = PBXFileReference; lastKnownFileType = sourcecode.swift; path = ChecklistTableViewController.swift; sourceTree = "<group>"; };
		F4A3568A1FAE349200F748FD /* ChecklistItem.swift */ = {isa = PBXFileReference; lastKnownFileType = sourcecode.swift; path = ChecklistItem.swift; sourceTree = "<group>"; };
		F4A3568C1FAE362000F748FD /* ChecklistTableViewCell.swift */ = {isa = PBXFileReference; lastKnownFileType = sourcecode.swift; path = ChecklistTableViewCell.swift; sourceTree = "<group>"; };
		F4A3568E1FAE42FE00F748FD /* AddItemViewController.swift */ = {isa = PBXFileReference; lastKnownFileType = sourcecode.swift; path = AddItemViewController.swift; sourceTree = "<group>"; };
		F4AC55CC1FD6052900973E09 /* IconPickerTableViewController.swift */ = {isa = PBXFileReference; lastKnownFileType = sourcecode.swift; path = IconPickerTableViewController.swift; sourceTree = "<group>"; };
		F4CB7C3D1FACE93600B779B9 /* afazer.app */ = {isa = PBXFileReference; explicitFileType = wrapper.application; includeInIndex = 0; path = afazer.app; sourceTree = BUILT_PRODUCTS_DIR; };
		F4CB7C401FACE93600B779B9 /* AppDelegate.swift */ = {isa = PBXFileReference; lastKnownFileType = sourcecode.swift; path = AppDelegate.swift; sourceTree = "<group>"; };
		F4CB7C451FACE93600B779B9 /* Base */ = {isa = PBXFileReference; lastKnownFileType = file.storyboard; name = Base; path = Base.lproj/Main.storyboard; sourceTree = "<group>"; };
		F4CB7C471FACE93600B779B9 /* Assets.xcassets */ = {isa = PBXFileReference; lastKnownFileType = folder.assetcatalog; path = Assets.xcassets; sourceTree = "<group>"; };
		F4CB7C4C1FACE93600B779B9 /* Info.plist */ = {isa = PBXFileReference; lastKnownFileType = text.plist.xml; path = Info.plist; sourceTree = "<group>"; };
		F4CB7C521FACEA0300B779B9 /* .gitignore */ = {isa = PBXFileReference; fileEncoding = 4; lastKnownFileType = text; path = .gitignore; sourceTree = "<group>"; };
		F4DBE2842044E42D006A42F7 /* Gemfile */ = {isa = PBXFileReference; fileEncoding = 4; lastKnownFileType = text; path = Gemfile; sourceTree = SOURCE_ROOT; };
		F4DBE2862044E444006A42F7 /* Gemfile.lock */ = {isa = PBXFileReference; fileEncoding = 4; lastKnownFileType = text; path = Gemfile.lock; sourceTree = SOURCE_ROOT; };
		F4DBE28F2044EA63006A42F7 /* afazerUITests.xctest */ = {isa = PBXFileReference; explicitFileType = wrapper.cfbundle; includeInIndex = 0; path = afazerUITests.xctest; sourceTree = BUILT_PRODUCTS_DIR; };
		F4DBE2912044EA63006A42F7 /* afazerUITests.swift */ = {isa = PBXFileReference; lastKnownFileType = sourcecode.swift; path = afazerUITests.swift; sourceTree = "<group>"; };
		F4DBE2932044EA63006A42F7 /* Info.plist */ = {isa = PBXFileReference; lastKnownFileType = text.plist.xml; path = Info.plist; sourceTree = "<group>"; };
		F4DBE2992044EA86006A42F7 /* SnapshotHelper.swift */ = {isa = PBXFileReference; fileEncoding = 4; lastKnownFileType = sourcecode.swift; name = SnapshotHelper.swift; path = fastlane/SnapshotHelper.swift; sourceTree = SOURCE_ROOT; };
		F4DBE29E204502F4006A42F7 /* iPhone 7-Checklist Items.png */ = {isa = PBXFileReference; lastKnownFileType = image.png; path = "iPhone 7-Checklist Items.png"; sourceTree = "<group>"; };
		F4DBE29F204502F4006A42F7 /* iPhone 7 Plus-Checklist Items_framed.png */ = {isa = PBXFileReference; lastKnownFileType = image.png; path = "iPhone 7 Plus-Checklist Items_framed.png"; sourceTree = "<group>"; };
		F4DBE2A0204502F4006A42F7 /* iPhone 7 Plus-Checklist Items.png */ = {isa = PBXFileReference; lastKnownFileType = image.png; path = "iPhone 7 Plus-Checklist Items.png"; sourceTree = "<group>"; };
		F4DBE2A1204502F4006A42F7 /* iPhone 6-Checklist Items.png */ = {isa = PBXFileReference; lastKnownFileType = image.png; path = "iPhone 6-Checklist Items.png"; sourceTree = "<group>"; };
		F4DBE2A2204502F4006A42F7 /* iPhone 7-Add Checklist.png */ = {isa = PBXFileReference; lastKnownFileType = image.png; path = "iPhone 7-Add Checklist.png"; sourceTree = "<group>"; };
		F4DBE2A3204502F4006A42F7 /* iPhone 7 Plus-Add Checklist Item.png */ = {isa = PBXFileReference; lastKnownFileType = image.png; path = "iPhone 7 Plus-Add Checklist Item.png"; sourceTree = "<group>"; };
		F4DBE2A4204502F4006A42F7 /* iPhone 6 Plus-Main.png */ = {isa = PBXFileReference; lastKnownFileType = image.png; path = "iPhone 6 Plus-Main.png"; sourceTree = "<group>"; };
		F4DBE2A5204502F4006A42F7 /* iPhone 7 Plus-Edit Checklist_framed.png */ = {isa = PBXFileReference; lastKnownFileType = image.png; path = "iPhone 7 Plus-Edit Checklist_framed.png"; sourceTree = "<group>"; };
		F4DBE2A6204502F4006A42F7 /* iPhone 5s-Add Checklist.png */ = {isa = PBXFileReference; lastKnownFileType = image.png; path = "iPhone 5s-Add Checklist.png"; sourceTree = "<group>"; };
		F4DBE2A7204502F4006A42F7 /* iPhone 6-Edit Checklist Item.png */ = {isa = PBXFileReference; lastKnownFileType = image.png; path = "iPhone 6-Edit Checklist Item.png"; sourceTree = "<group>"; };
		F4DBE2A8204502F4006A42F7 /* iPhone 5s-Add Checklist Item_framed.png */ = {isa = PBXFileReference; lastKnownFileType = image.png; path = "iPhone 5s-Add Checklist Item_framed.png"; sourceTree = "<group>"; };
		F4DBE2A9204502F4006A42F7 /* iPhone 6 Plus-Add Checklist.png */ = {isa = PBXFileReference; lastKnownFileType = image.png; path = "iPhone 6 Plus-Add Checklist.png"; sourceTree = "<group>"; };
		F4DBE2AA204502F4006A42F7 /* iPhone 7 Plus-Edit Checklist Item.png */ = {isa = PBXFileReference; lastKnownFileType = image.png; path = "iPhone 7 Plus-Edit Checklist Item.png"; sourceTree = "<group>"; };
		F4DBE2AB204502F4006A42F7 /* iPhone 6-Add Checklist.png */ = {isa = PBXFileReference; lastKnownFileType = image.png; path = "iPhone 6-Add Checklist.png"; sourceTree = "<group>"; };
		F4DBE2AC204502F4006A42F7 /* iPhone 5s-Checklist Items_framed.png */ = {isa = PBXFileReference; lastKnownFileType = image.png; path = "iPhone 5s-Checklist Items_framed.png"; sourceTree = "<group>"; };
		F4DBE2AD204502F4006A42F7 /* iPhone 6-Add Checklist Item_framed.png */ = {isa = PBXFileReference; lastKnownFileType = image.png; path = "iPhone 6-Add Checklist Item_framed.png"; sourceTree = "<group>"; };
		F4DBE2AE204502F4006A42F7 /* iPhone 6 Plus-Edit Checklist.png */ = {isa = PBXFileReference; lastKnownFileType = image.png; path = "iPhone 6 Plus-Edit Checklist.png"; sourceTree = "<group>"; };
		F4DBE2AF204502F4006A42F7 /* iPhone 6 Plus-Add Checklist Item.png */ = {isa = PBXFileReference; lastKnownFileType = image.png; path = "iPhone 6 Plus-Add Checklist Item.png"; sourceTree = "<group>"; };
		F4DBE2B0204502F4006A42F7 /* iPhone 6 Plus-Edit Checklist Item_framed.png */ = {isa = PBXFileReference; lastKnownFileType = image.png; path = "iPhone 6 Plus-Edit Checklist Item_framed.png"; sourceTree = "<group>"; };
		F4DBE2B1204502F4006A42F7 /* iPhone 5s-Edit Checklist Item.png */ = {isa = PBXFileReference; lastKnownFileType = image.png; path = "iPhone 5s-Edit Checklist Item.png"; sourceTree = "<group>"; };
		F4DBE2B2204502F4006A42F7 /* iPhone 7 Plus-Add Checklist.png */ = {isa = PBXFileReference; lastKnownFileType = image.png; path = "iPhone 7 Plus-Add Checklist.png"; sourceTree = "<group>"; };
		F4DBE2B3204502F4006A42F7 /* iPhone 6-Edit Checklist.png */ = {isa = PBXFileReference; lastKnownFileType = image.png; path = "iPhone 6-Edit Checklist.png"; sourceTree = "<group>"; };
		F4DBE2B4204502F4006A42F7 /* iPhone 6 Plus-Edit Checklist_framed.png */ = {isa = PBXFileReference; lastKnownFileType = image.png; path = "iPhone 6 Plus-Edit Checklist_framed.png"; sourceTree = "<group>"; };
		F4DBE2B5204502F4006A42F7 /* iPhone 5s-Checklist Items.png */ = {isa = PBXFileReference; lastKnownFileType = image.png; path = "iPhone 5s-Checklist Items.png"; sourceTree = "<group>"; };
		F4DBE2B6204502F4006A42F7 /* iPhone 5s-Edit Checklist_framed.png */ = {isa = PBXFileReference; lastKnownFileType = image.png; path = "iPhone 5s-Edit Checklist_framed.png"; sourceTree = "<group>"; };
		F4DBE2B7204502F4006A42F7 /* iPhone 7-Edit Checklist_framed.png */ = {isa = PBXFileReference; lastKnownFileType = image.png; path = "iPhone 7-Edit Checklist_framed.png"; sourceTree = "<group>"; };
		F4DBE2B8204502F4006A42F7 /* iPhone 6 Plus-Checklist Items.png */ = {isa = PBXFileReference; lastKnownFileType = image.png; path = "iPhone 6 Plus-Checklist Items.png"; sourceTree = "<group>"; };
		F4DBE2B9204502F4006A42F7 /* iPhone 7-Add Checklist Item_framed.png */ = {isa = PBXFileReference; lastKnownFileType = image.png; path = "iPhone 7-Add Checklist Item_framed.png"; sourceTree = "<group>"; };
		F4DBE2BA204502F4006A42F7 /* iPhone 7 Plus-Main_framed.png */ = {isa = PBXFileReference; lastKnownFileType = image.png; path = "iPhone 7 Plus-Main_framed.png"; sourceTree = "<group>"; };
		F4DBE2BB204502F4006A42F7 /* iPhone 7 Plus-Edit Checklist.png */ = {isa = PBXFileReference; lastKnownFileType = image.png; path = "iPhone 7 Plus-Edit Checklist.png"; sourceTree = "<group>"; };
		F4DBE2BC204502F4006A42F7 /* iPhone 7-Checklist Items_framed.png */ = {isa = PBXFileReference; lastKnownFileType = image.png; path = "iPhone 7-Checklist Items_framed.png"; sourceTree = "<group>"; };
		F4DBE2BD204502F4006A42F7 /* iPhone 5s-Main_framed.png */ = {isa = PBXFileReference; lastKnownFileType = image.png; path = "iPhone 5s-Main_framed.png"; sourceTree = "<group>"; };
		F4DBE2BE204502F4006A42F7 /* iPhone 6-Edit Checklist Item_framed.png */ = {isa = PBXFileReference; lastKnownFileType = image.png; path = "iPhone 6-Edit Checklist Item_framed.png"; sourceTree = "<group>"; };
		F4DBE2BF204502F4006A42F7 /* iPhone 7-Edit Checklist Item.png */ = {isa = PBXFileReference; lastKnownFileType = image.png; path = "iPhone 7-Edit Checklist Item.png"; sourceTree = "<group>"; };
		F4DBE2C0204502F4006A42F7 /* iPhone 5s-Add Checklist_framed.png */ = {isa = PBXFileReference; lastKnownFileType = image.png; path = "iPhone 5s-Add Checklist_framed.png"; sourceTree = "<group>"; };
		F4DBE2C1204502F4006A42F7 /* iPhone 6-Edit Checklist_framed.png */ = {isa = PBXFileReference; lastKnownFileType = image.png; path = "iPhone 6-Edit Checklist_framed.png"; sourceTree = "<group>"; };
		F4DBE2C2204502F4006A42F7 /* iPhone 5s-Edit Checklist Item_framed.png */ = {isa = PBXFileReference; lastKnownFileType = image.png; path = "iPhone 5s-Edit Checklist Item_framed.png"; sourceTree = "<group>"; };
		F4DBE2C3204502F4006A42F7 /* iPhone 6-Main.png */ = {isa = PBXFileReference; lastKnownFileType = image.png; path = "iPhone 6-Main.png"; sourceTree = "<group>"; };
		F4DBE2C4204502F4006A42F7 /* iPhone 7-Main.png */ = {isa = PBXFileReference; lastKnownFileType = image.png; path = "iPhone 7-Main.png"; sourceTree = "<group>"; };
		F4DBE2C5204502F4006A42F7 /* iPhone 6-Main_framed.png */ = {isa = PBXFileReference; lastKnownFileType = image.png; path = "iPhone 6-Main_framed.png"; sourceTree = "<group>"; };
		F4DBE2C6204502F4006A42F7 /* iPhone 7 Plus-Add Checklist_framed.png */ = {isa = PBXFileReference; lastKnownFileType = image.png; path = "iPhone 7 Plus-Add Checklist_framed.png"; sourceTree = "<group>"; };
		F4DBE2C7204502F4006A42F7 /* iPhone 5s-Edit Checklist.png */ = {isa = PBXFileReference; lastKnownFileType = image.png; path = "iPhone 5s-Edit Checklist.png"; sourceTree = "<group>"; };
		F4DBE2C8204502F4006A42F7 /* iPhone 6-Add Checklist_framed.png */ = {isa = PBXFileReference; lastKnownFileType = image.png; path = "iPhone 6-Add Checklist_framed.png"; sourceTree = "<group>"; };
		F4DBE2C9204502F4006A42F7 /* iPhone 5s-Add Checklist Item.png */ = {isa = PBXFileReference; lastKnownFileType = image.png; path = "iPhone 5s-Add Checklist Item.png"; sourceTree = "<group>"; };
		F4DBE2CA204502F4006A42F7 /* iPhone 6 Plus-Add Checklist Item_framed.png */ = {isa = PBXFileReference; lastKnownFileType = image.png; path = "iPhone 6 Plus-Add Checklist Item_framed.png"; sourceTree = "<group>"; };
		F4DBE2CB204502F4006A42F7 /* iPhone 7-Edit Checklist.png */ = {isa = PBXFileReference; lastKnownFileType = image.png; path = "iPhone 7-Edit Checklist.png"; sourceTree = "<group>"; };
		F4DBE2CC204502F4006A42F7 /* iPhone 6-Add Checklist Item.png */ = {isa = PBXFileReference; lastKnownFileType = image.png; path = "iPhone 6-Add Checklist Item.png"; sourceTree = "<group>"; };
		F4DBE2CD204502F4006A42F7 /* iPhone 6 Plus-Edit Checklist Item.png */ = {isa = PBXFileReference; lastKnownFileType = image.png; path = "iPhone 6 Plus-Edit Checklist Item.png"; sourceTree = "<group>"; };
		F4DBE2CE204502F4006A42F7 /* iPhone 7-Add Checklist_framed.png */ = {isa = PBXFileReference; lastKnownFileType = image.png; path = "iPhone 7-Add Checklist_framed.png"; sourceTree = "<group>"; };
		F4DBE2CF204502F4006A42F7 /* iPhone 7-Add Checklist Item.png */ = {isa = PBXFileReference; lastKnownFileType = image.png; path = "iPhone 7-Add Checklist Item.png"; sourceTree = "<group>"; };
		F4DBE2D0204502F4006A42F7 /* iPhone 7 Plus-Edit Checklist Item_framed.png */ = {isa = PBXFileReference; lastKnownFileType = image.png; path = "iPhone 7 Plus-Edit Checklist Item_framed.png"; sourceTree = "<group>"; };
		F4DBE2D1204502F4006A42F7 /* iPhone 7-Main_framed.png */ = {isa = PBXFileReference; lastKnownFileType = image.png; path = "iPhone 7-Main_framed.png"; sourceTree = "<group>"; };
		F4DBE2D2204502F4006A42F7 /* iPhone 6 Plus-Main_framed.png */ = {isa = PBXFileReference; lastKnownFileType = image.png; path = "iPhone 6 Plus-Main_framed.png"; sourceTree = "<group>"; };
		F4DBE2D3204502F4006A42F7 /* iPhone 6 Plus-Checklist Items_framed.png */ = {isa = PBXFileReference; lastKnownFileType = image.png; path = "iPhone 6 Plus-Checklist Items_framed.png"; sourceTree = "<group>"; };
		F4DBE2D4204502F4006A42F7 /* iPhone 5s-Main.png */ = {isa = PBXFileReference; lastKnownFileType = image.png; path = "iPhone 5s-Main.png"; sourceTree = "<group>"; };
		F4DBE2D5204502F4006A42F7 /* iPhone 7-Edit Checklist Item_framed.png */ = {isa = PBXFileReference; lastKnownFileType = image.png; path = "iPhone 7-Edit Checklist Item_framed.png"; sourceTree = "<group>"; };
		F4DBE2D6204502F4006A42F7 /* iPhone 6-Checklist Items_framed.png */ = {isa = PBXFileReference; lastKnownFileType = image.png; path = "iPhone 6-Checklist Items_framed.png"; sourceTree = "<group>"; };
		F4DBE2D7204502F4006A42F7 /* iPhone 6 Plus-Add Checklist_framed.png */ = {isa = PBXFileReference; lastKnownFileType = image.png; path = "iPhone 6 Plus-Add Checklist_framed.png"; sourceTree = "<group>"; };
		F4DBE2D8204502F4006A42F7 /* iPhone 7 Plus-Add Checklist Item_framed.png */ = {isa = PBXFileReference; lastKnownFileType = image.png; path = "iPhone 7 Plus-Add Checklist Item_framed.png"; sourceTree = "<group>"; };
		F4DBE2D9204502F4006A42F7 /* iPhone 7 Plus-Main.png */ = {isa = PBXFileReference; lastKnownFileType = image.png; path = "iPhone 7 Plus-Main.png"; sourceTree = "<group>"; };
		F4DBE2DA204502F4006A42F7 /* screenshots.html */ = {isa = PBXFileReference; fileEncoding = 4; lastKnownFileType = text.html; path = screenshots.html; sourceTree = "<group>"; };
		F4DBE2DB204502F4006A42F7 /* Appfile */ = {isa = PBXFileReference; fileEncoding = 4; lastKnownFileType = text; path = Appfile; sourceTree = "<group>"; };
		F4DBE2DD204502F4006A42F7 /* Fastfile */ = {isa = PBXFileReference; fileEncoding = 4; lastKnownFileType = text; path = Fastfile; sourceTree = "<group>"; };
		F4DBE2DE204502F4006A42F7 /* README.md */ = {isa = PBXFileReference; fileEncoding = 4; lastKnownFileType = net.daringfireball.markdown; path = README.md; sourceTree = "<group>"; };
		F4DBE2DF204502F4006A42F7 /* report.xml */ = {isa = PBXFileReference; fileEncoding = 4; lastKnownFileType = text.xml; path = report.xml; sourceTree = "<group>"; };
		F4DBE2E0204502F4006A42F7 /* Snapfile */ = {isa = PBXFileReference; fileEncoding = 4; lastKnownFileType = text; path = Snapfile; sourceTree = "<group>"; };
		F4F566911FB0B26500D26B90 /* AllListsTableViewController.swift */ = {isa = PBXFileReference; lastKnownFileType = sourcecode.swift; path = AllListsTableViewController.swift; sourceTree = "<group>"; };
		F4F566931FB0B50C00D26B90 /* AllListsTableViewCell.swift */ = {isa = PBXFileReference; lastKnownFileType = sourcecode.swift; path = AllListsTableViewCell.swift; sourceTree = "<group>"; };
		F4F566951FB0B65200D26B90 /* Checklist.swift */ = {isa = PBXFileReference; lastKnownFileType = sourcecode.swift; path = Checklist.swift; sourceTree = "<group>"; };
/* End PBXFileReference section */

/* Begin PBXFrameworksBuildPhase section */
		F4CB7C3A1FACE93600B779B9 /* Frameworks */ = {
			isa = PBXFrameworksBuildPhase;
			buildActionMask = 2147483647;
			files = (
			);
			runOnlyForDeploymentPostprocessing = 0;
		};
		F4DBE28C2044EA63006A42F7 /* Frameworks */ = {
			isa = PBXFrameworksBuildPhase;
			buildActionMask = 2147483647;
			files = (
			);
			runOnlyForDeploymentPostprocessing = 0;
		};
/* End PBXFrameworksBuildPhase section */

/* Begin PBXGroup section */
		F423498A1FB29519004B260E /* model */ = {
			isa = PBXGroup;
			children = (
				F4F566951FB0B65200D26B90 /* Checklist.swift */,
				F4A3568A1FAE349200F748FD /* ChecklistItem.swift */,
			);
			path = model;
			sourceTree = "<group>";
		};
		F423498B1FB2951E004B260E /* cell */ = {
			isa = PBXGroup;
			children = (
				F4F566931FB0B50C00D26B90 /* AllListsTableViewCell.swift */,
				F4A3568C1FAE362000F748FD /* ChecklistTableViewCell.swift */,
			);
			path = cell;
			sourceTree = "<group>";
		};
		F423498C1FB29526004B260E /* vc */ = {
			isa = PBXGroup;
			children = (
				F4F566911FB0B26500D26B90 /* AllListsTableViewController.swift */,
				F42349881FB28627004B260E /* ListDetailViewController.swift */,
				F4A356881FAE316100F748FD /* ChecklistTableViewController.swift */,
				F4A3568E1FAE42FE00F748FD /* AddItemViewController.swift */,
				F4AC55CC1FD6052900973E09 /* IconPickerTableViewController.swift */,
			);
			path = vc;
			sourceTree = "<group>";
		};
		F4CB7C341FACE93500B779B9 = {
			isa = PBXGroup;
			children = (
				F4CB7C3F1FACE93600B779B9 /* afazer */,
				F4DBE2902044EA63006A42F7 /* afazerUITests */,
				F4CB7C3E1FACE93600B779B9 /* Products */,
			);
			sourceTree = "<group>";
		};
		F4CB7C3E1FACE93600B779B9 /* Products */ = {
			isa = PBXGroup;
			children = (
				F4CB7C3D1FACE93600B779B9 /* afazer.app */,
				F4DBE28F2044EA63006A42F7 /* afazerUITests.xctest */,
			);
			name = Products;
			sourceTree = "<group>";
		};
		F4CB7C3F1FACE93600B779B9 /* afazer */ = {
			isa = PBXGroup;
			children = (
				F4DBE29B204502F4006A42F7 /* fastlane */,
				F4DBE2862044E444006A42F7 /* Gemfile.lock */,
				F4DBE2842044E42D006A42F7 /* Gemfile */,
				F4CB7C521FACEA0300B779B9 /* .gitignore */,
				F423498C1FB29526004B260E /* vc */,
				F423498B1FB2951E004B260E /* cell */,
				F423498A1FB29519004B260E /* model */,
				F4CB7C401FACE93600B779B9 /* AppDelegate.swift */,
				F4CB7C441FACE93600B779B9 /* Main.storyboard */,
				F4CB7C471FACE93600B779B9 /* Assets.xcassets */,
				F4CB7C4C1FACE93600B779B9 /* Info.plist */,
			);
			path = afazer;
			sourceTree = "<group>";
		};
		F4DBE2902044EA63006A42F7 /* afazerUITests */ = {
			isa = PBXGroup;
			children = (
				F4DBE2992044EA86006A42F7 /* SnapshotHelper.swift */,
				F4DBE2912044EA63006A42F7 /* afazerUITests.swift */,
				F4DBE2932044EA63006A42F7 /* Info.plist */,
			);
			path = afazerUITests;
			sourceTree = "<group>";
		};
		F4DBE29B204502F4006A42F7 /* fastlane */ = {
			isa = PBXGroup;
			children = (
				F4DBE29C204502F4006A42F7 /* screenshots */,
				F4DBE2DB204502F4006A42F7 /* Appfile */,
				F4DBE2DD204502F4006A42F7 /* Fastfile */,
				F4DBE2DE204502F4006A42F7 /* README.md */,
				F4DBE2DF204502F4006A42F7 /* report.xml */,
				F4DBE2E0204502F4006A42F7 /* Snapfile */,
			);
			path = fastlane;
			sourceTree = SOURCE_ROOT;
		};
		F4DBE29C204502F4006A42F7 /* screenshots */ = {
			isa = PBXGroup;
			children = (
				F4DBE29D204502F4006A42F7 /* en-US */,
				F4DBE2DA204502F4006A42F7 /* screenshots.html */,
			);
			path = screenshots;
			sourceTree = "<group>";
		};
		F4DBE29D204502F4006A42F7 /* en-US */ = {
			isa = PBXGroup;
			children = (
				F4DBE29E204502F4006A42F7 /* iPhone 7-Checklist Items.png */,
				F4DBE29F204502F4006A42F7 /* iPhone 7 Plus-Checklist Items_framed.png */,
				F4DBE2A0204502F4006A42F7 /* iPhone 7 Plus-Checklist Items.png */,
				F4DBE2A1204502F4006A42F7 /* iPhone 6-Checklist Items.png */,
				F4DBE2A2204502F4006A42F7 /* iPhone 7-Add Checklist.png */,
				F4DBE2A3204502F4006A42F7 /* iPhone 7 Plus-Add Checklist Item.png */,
				F4DBE2A4204502F4006A42F7 /* iPhone 6 Plus-Main.png */,
				F4DBE2A5204502F4006A42F7 /* iPhone 7 Plus-Edit Checklist_framed.png */,
				F4DBE2A6204502F4006A42F7 /* iPhone 5s-Add Checklist.png */,
				F4DBE2A7204502F4006A42F7 /* iPhone 6-Edit Checklist Item.png */,
				F4DBE2A8204502F4006A42F7 /* iPhone 5s-Add Checklist Item_framed.png */,
				F4DBE2A9204502F4006A42F7 /* iPhone 6 Plus-Add Checklist.png */,
				F4DBE2AA204502F4006A42F7 /* iPhone 7 Plus-Edit Checklist Item.png */,
				F4DBE2AB204502F4006A42F7 /* iPhone 6-Add Checklist.png */,
				F4DBE2AC204502F4006A42F7 /* iPhone 5s-Checklist Items_framed.png */,
				F4DBE2AD204502F4006A42F7 /* iPhone 6-Add Checklist Item_framed.png */,
				F4DBE2AE204502F4006A42F7 /* iPhone 6 Plus-Edit Checklist.png */,
				F4DBE2AF204502F4006A42F7 /* iPhone 6 Plus-Add Checklist Item.png */,
				F4DBE2B0204502F4006A42F7 /* iPhone 6 Plus-Edit Checklist Item_framed.png */,
				F4DBE2B1204502F4006A42F7 /* iPhone 5s-Edit Checklist Item.png */,
				F4DBE2B2204502F4006A42F7 /* iPhone 7 Plus-Add Checklist.png */,
				F4DBE2B3204502F4006A42F7 /* iPhone 6-Edit Checklist.png */,
				F4DBE2B4204502F4006A42F7 /* iPhone 6 Plus-Edit Checklist_framed.png */,
				F4DBE2B5204502F4006A42F7 /* iPhone 5s-Checklist Items.png */,
				F4DBE2B6204502F4006A42F7 /* iPhone 5s-Edit Checklist_framed.png */,
				F4DBE2B7204502F4006A42F7 /* iPhone 7-Edit Checklist_framed.png */,
				F4DBE2B8204502F4006A42F7 /* iPhone 6 Plus-Checklist Items.png */,
				F4DBE2B9204502F4006A42F7 /* iPhone 7-Add Checklist Item_framed.png */,
				F4DBE2BA204502F4006A42F7 /* iPhone 7 Plus-Main_framed.png */,
				F4DBE2BB204502F4006A42F7 /* iPhone 7 Plus-Edit Checklist.png */,
				F4DBE2BC204502F4006A42F7 /* iPhone 7-Checklist Items_framed.png */,
				F4DBE2BD204502F4006A42F7 /* iPhone 5s-Main_framed.png */,
				F4DBE2BE204502F4006A42F7 /* iPhone 6-Edit Checklist Item_framed.png */,
				F4DBE2BF204502F4006A42F7 /* iPhone 7-Edit Checklist Item.png */,
				F4DBE2C0204502F4006A42F7 /* iPhone 5s-Add Checklist_framed.png */,
				F4DBE2C1204502F4006A42F7 /* iPhone 6-Edit Checklist_framed.png */,
				F4DBE2C2204502F4006A42F7 /* iPhone 5s-Edit Checklist Item_framed.png */,
				F4DBE2C3204502F4006A42F7 /* iPhone 6-Main.png */,
				F4DBE2C4204502F4006A42F7 /* iPhone 7-Main.png */,
				F4DBE2C5204502F4006A42F7 /* iPhone 6-Main_framed.png */,
				F4DBE2C6204502F4006A42F7 /* iPhone 7 Plus-Add Checklist_framed.png */,
				F4DBE2C7204502F4006A42F7 /* iPhone 5s-Edit Checklist.png */,
				F4DBE2C8204502F4006A42F7 /* iPhone 6-Add Checklist_framed.png */,
				F4DBE2C9204502F4006A42F7 /* iPhone 5s-Add Checklist Item.png */,
				F4DBE2CA204502F4006A42F7 /* iPhone 6 Plus-Add Checklist Item_framed.png */,
				F4DBE2CB204502F4006A42F7 /* iPhone 7-Edit Checklist.png */,
				F4DBE2CC204502F4006A42F7 /* iPhone 6-Add Checklist Item.png */,
				F4DBE2CD204502F4006A42F7 /* iPhone 6 Plus-Edit Checklist Item.png */,
				F4DBE2CE204502F4006A42F7 /* iPhone 7-Add Checklist_framed.png */,
				F4DBE2CF204502F4006A42F7 /* iPhone 7-Add Checklist Item.png */,
				F4DBE2D0204502F4006A42F7 /* iPhone 7 Plus-Edit Checklist Item_framed.png */,
				F4DBE2D1204502F4006A42F7 /* iPhone 7-Main_framed.png */,
				F4DBE2D2204502F4006A42F7 /* iPhone 6 Plus-Main_framed.png */,
				F4DBE2D3204502F4006A42F7 /* iPhone 6 Plus-Checklist Items_framed.png */,
				F4DBE2D4204502F4006A42F7 /* iPhone 5s-Main.png */,
				F4DBE2D5204502F4006A42F7 /* iPhone 7-Edit Checklist Item_framed.png */,
				F4DBE2D6204502F4006A42F7 /* iPhone 6-Checklist Items_framed.png */,
				F4DBE2D7204502F4006A42F7 /* iPhone 6 Plus-Add Checklist_framed.png */,
				F4DBE2D8204502F4006A42F7 /* iPhone 7 Plus-Add Checklist Item_framed.png */,
				F4DBE2D9204502F4006A42F7 /* iPhone 7 Plus-Main.png */,
			);
			path = "en-US";
			sourceTree = "<group>";
		};
/* End PBXGroup section */

/* Begin PBXNativeTarget section */
		F4CB7C3C1FACE93600B779B9 /* afazer */ = {
			isa = PBXNativeTarget;
			buildConfigurationList = F4CB7C4F1FACE93600B779B9 /* Build configuration list for PBXNativeTarget "afazer" */;
			buildPhases = (
				F4CB7C391FACE93600B779B9 /* Sources */,
				F4CB7C3A1FACE93600B779B9 /* Frameworks */,
				F4CB7C3B1FACE93600B779B9 /* Resources */,
			);
			buildRules = (
			);
			dependencies = (
			);
			name = afazer;
			productName = afazer;
			productReference = F4CB7C3D1FACE93600B779B9 /* afazer.app */;
			productType = "com.apple.product-type.application";
		};
		F4DBE28E2044EA63006A42F7 /* afazerUITests */ = {
			isa = PBXNativeTarget;
			buildConfigurationList = F4DBE2962044EA63006A42F7 /* Build configuration list for PBXNativeTarget "afazerUITests" */;
			buildPhases = (
				F4DBE28B2044EA63006A42F7 /* Sources */,
				F4DBE28C2044EA63006A42F7 /* Frameworks */,
				F4DBE28D2044EA63006A42F7 /* Resources */,
			);
			buildRules = (
			);
			dependencies = (
				F4DBE2952044EA63006A42F7 /* PBXTargetDependency */,
			);
			name = afazerUITests;
			productName = afazerUITests;
			productReference = F4DBE28F2044EA63006A42F7 /* afazerUITests.xctest */;
			productType = "com.apple.product-type.bundle.ui-testing";
		};
/* End PBXNativeTarget section */

/* Begin PBXProject section */
		F4CB7C351FACE93600B779B9 /* Project object */ = {
			isa = PBXProject;
			attributes = {
				LastSwiftUpdateCheck = 0920;
				LastUpgradeCheck = 0900;
				ORGANIZATIONNAME = "Bruno Lemgruber";
				TargetAttributes = {
					F4CB7C3C1FACE93600B779B9 = {
						CreatedOnToolsVersion = 9.0.1;
						ProvisioningStyle = Automatic;
					};
					F4DBE28E2044EA63006A42F7 = {
						CreatedOnToolsVersion = 9.2;
						ProvisioningStyle = Automatic;
						TestTargetID = F4CB7C3C1FACE93600B779B9;
					};
				};
			};
			buildConfigurationList = F4CB7C381FACE93600B779B9 /* Build configuration list for PBXProject "afazer" */;
			compatibilityVersion = "Xcode 8.0";
			developmentRegion = en;
			hasScannedForEncodings = 0;
			knownRegions = (
				en,
				Base,
			);
			mainGroup = F4CB7C341FACE93500B779B9;
			productRefGroup = F4CB7C3E1FACE93600B779B9 /* Products */;
			projectDirPath = "";
			projectRoot = "";
			targets = (
				F4CB7C3C1FACE93600B779B9 /* afazer */,
				F4DBE28E2044EA63006A42F7 /* afazerUITests */,
			);
		};
/* End PBXProject section */

/* Begin PBXResourcesBuildPhase section */
		F4CB7C3B1FACE93600B779B9 /* Resources */ = {
			isa = PBXResourcesBuildPhase;
			buildActionMask = 2147483647;
			files = (
				F4DBE307204502F4006A42F7 /* iPhone 7-Main.png in Resources */,
				F4DBE30B204502F4006A42F7 /* iPhone 6-Add Checklist_framed.png in Resources */,
				F4DBE2FC204502F4006A42F7 /* iPhone 7-Add Checklist Item_framed.png in Resources */,
				F4DBE2F2204502F4006A42F7 /* iPhone 6 Plus-Add Checklist Item.png in Resources */,
				F4DBE2872044E444006A42F7 /* Gemfile.lock in Resources */,
				F4DBE2F7204502F4006A42F7 /* iPhone 6 Plus-Edit Checklist_framed.png in Resources */,
				F4DBE316204502F4006A42F7 /* iPhone 6 Plus-Checklist Items_framed.png in Resources */,
				F4DBE30C204502F4006A42F7 /* iPhone 5s-Add Checklist Item.png in Resources */,
				F4DBE2F6204502F4006A42F7 /* iPhone 6-Edit Checklist.png in Resources */,
				F4DBE31B204502F4006A42F7 /* iPhone 7 Plus-Add Checklist Item_framed.png in Resources */,
				F4DBE2E3204502F4006A42F7 /* iPhone 7 Plus-Checklist Items.png in Resources */,
				F4DBE323204502F4006A42F7 /* Snapfile in Resources */,
				F4DBE305204502F4006A42F7 /* iPhone 5s-Edit Checklist Item_framed.png in Resources */,
				F4DBE30E204502F4006A42F7 /* iPhone 7-Edit Checklist.png in Resources */,
				F4DBE2EB204502F4006A42F7 /* iPhone 5s-Add Checklist Item_framed.png in Resources */,
				F4DBE304204502F4006A42F7 /* iPhone 6-Edit Checklist_framed.png in Resources */,
				F4DBE2E4204502F4006A42F7 /* iPhone 6-Checklist Items.png in Resources */,
				F4DBE2EC204502F4006A42F7 /* iPhone 6 Plus-Add Checklist.png in Resources */,
				F4DBE2F5204502F4006A42F7 /* iPhone 7 Plus-Add Checklist.png in Resources */,
				F4DBE2E6204502F4006A42F7 /* iPhone 7 Plus-Add Checklist Item.png in Resources */,
				F4DBE2FF204502F4006A42F7 /* iPhone 7-Checklist Items_framed.png in Resources */,
				F4DBE311204502F4006A42F7 /* iPhone 7-Add Checklist_framed.png in Resources */,
				F4DBE31C204502F4006A42F7 /* iPhone 7 Plus-Main.png in Resources */,
				F4DBE2852044E42D006A42F7 /* Gemfile in Resources */,
				F4DBE2F4204502F4006A42F7 /* iPhone 5s-Edit Checklist Item.png in Resources */,
				F4DBE300204502F4006A42F7 /* iPhone 5s-Main_framed.png in Resources */,
				F4DBE302204502F4006A42F7 /* iPhone 7-Edit Checklist Item.png in Resources */,
				F4DBE306204502F4006A42F7 /* iPhone 6-Main.png in Resources */,
				F4DBE2F9204502F4006A42F7 /* iPhone 5s-Edit Checklist_framed.png in Resources */,
				F4DBE2E8204502F4006A42F7 /* iPhone 7 Plus-Edit Checklist_framed.png in Resources */,
				F4DBE312204502F4006A42F7 /* iPhone 7-Add Checklist Item.png in Resources */,
				F4DBE2FB204502F4006A42F7 /* iPhone 6 Plus-Checklist Items.png in Resources */,
				F4DBE2EA204502F4006A42F7 /* iPhone 6-Edit Checklist Item.png in Resources */,
				F4DBE301204502F4006A42F7 /* iPhone 6-Edit Checklist Item_framed.png in Resources */,
				F4DBE314204502F4006A42F7 /* iPhone 7-Main_framed.png in Resources */,
				F4DBE319204502F4006A42F7 /* iPhone 6-Checklist Items_framed.png in Resources */,
				F4DBE2E2204502F4006A42F7 /* iPhone 7 Plus-Checklist Items_framed.png in Resources */,
				F4DBE31E204502F4006A42F7 /* Appfile in Resources */,
				F4DBE2F8204502F4006A42F7 /* iPhone 5s-Checklist Items.png in Resources */,
				F4DBE31A204502F4006A42F7 /* iPhone 6 Plus-Add Checklist_framed.png in Resources */,
				F4DBE322204502F4006A42F7 /* report.xml in Resources */,
				F4DBE2EE204502F4006A42F7 /* iPhone 6-Add Checklist.png in Resources */,
				F4DBE2FA204502F4006A42F7 /* iPhone 7-Edit Checklist_framed.png in Resources */,
				F4DBE2E1204502F4006A42F7 /* iPhone 7-Checklist Items.png in Resources */,
				F4DBE2FD204502F4006A42F7 /* iPhone 7 Plus-Main_framed.png in Resources */,
				F4CB7C531FACEA0400B779B9 /* .gitignore in Resources */,
				F4DBE2FE204502F4006A42F7 /* iPhone 7 Plus-Edit Checklist.png in Resources */,
				F4DBE2E7204502F4006A42F7 /* iPhone 6 Plus-Main.png in Resources */,
				F4DBE30A204502F4006A42F7 /* iPhone 5s-Edit Checklist.png in Resources */,
				F4DBE317204502F4006A42F7 /* iPhone 5s-Main.png in Resources */,
				F4DBE30F204502F4006A42F7 /* iPhone 6-Add Checklist Item.png in Resources */,
				F4DBE2F0204502F4006A42F7 /* iPhone 6-Add Checklist Item_framed.png in Resources */,
				F4DBE320204502F4006A42F7 /* Fastfile in Resources */,
				F4DBE310204502F4006A42F7 /* iPhone 6 Plus-Edit Checklist Item.png in Resources */,
				F4DBE309204502F4006A42F7 /* iPhone 7 Plus-Add Checklist_framed.png in Resources */,
				F4DBE2E5204502F4006A42F7 /* iPhone 7-Add Checklist.png in Resources */,
				F4DBE321204502F4006A42F7 /* README.md in Resources */,
				F4DBE2F1204502F4006A42F7 /* iPhone 6 Plus-Edit Checklist.png in Resources */,
				F4DBE2ED204502F4006A42F7 /* iPhone 7 Plus-Edit Checklist Item.png in Resources */,
				F4DBE318204502F4006A42F7 /* iPhone 7-Edit Checklist Item_framed.png in Resources */,
				F4DBE2E9204502F4006A42F7 /* iPhone 5s-Add Checklist.png in Resources */,
				F4DBE2EF204502F4006A42F7 /* iPhone 5s-Checklist Items_framed.png in Resources */,
				F4CB7C481FACE93600B779B9 /* Assets.xcassets in Resources */,
				F4DBE315204502F4006A42F7 /* iPhone 6 Plus-Main_framed.png in Resources */,
				F4DBE2F3204502F4006A42F7 /* iPhone 6 Plus-Edit Checklist Item_framed.png in Resources */,
				F4DBE31D204502F4006A42F7 /* screenshots.html in Resources */,
				F4DBE303204502F4006A42F7 /* iPhone 5s-Add Checklist_framed.png in Resources */,
				F4DBE308204502F4006A42F7 /* iPhone 6-Main_framed.png in Resources */,
				F4DBE30D204502F4006A42F7 /* iPhone 6 Plus-Add Checklist Item_framed.png in Resources */,
				F4CB7C461FACE93600B779B9 /* Main.storyboard in Resources */,
				F4DBE313204502F4006A42F7 /* iPhone 7 Plus-Edit Checklist Item_framed.png in Resources */,
			);
			runOnlyForDeploymentPostprocessing = 0;
		};
		F4DBE28D2044EA63006A42F7 /* Resources */ = {
			isa = PBXResourcesBuildPhase;
			buildActionMask = 2147483647;
			files = (
			);
			runOnlyForDeploymentPostprocessing = 0;
		};
/* End PBXResourcesBuildPhase section */

/* Begin PBXSourcesBuildPhase section */
		F4CB7C391FACE93600B779B9 /* Sources */ = {
			isa = PBXSourcesBuildPhase;
			buildActionMask = 2147483647;
			files = (
				F4F566941FB0B50C00D26B90 /* AllListsTableViewCell.swift in Sources */,
				F4A3568F1FAE42FE00F748FD /* AddItemViewController.swift in Sources */,
				F4AC55CD1FD6052900973E09 /* IconPickerTableViewController.swift in Sources */,
				F4F566921FB0B26500D26B90 /* AllListsTableViewController.swift in Sources */,
				F4A3568D1FAE362000F748FD /* ChecklistTableViewCell.swift in Sources */,
				F4F566961FB0B65200D26B90 /* Checklist.swift in Sources */,
				F4A356891FAE316100F748FD /* ChecklistTableViewController.swift in Sources */,
				F42349891FB28627004B260E /* ListDetailViewController.swift in Sources */,
				F4A3568B1FAE349200F748FD /* ChecklistItem.swift in Sources */,
				F4CB7C411FACE93600B779B9 /* AppDelegate.swift in Sources */,
			);
			runOnlyForDeploymentPostprocessing = 0;
		};
		F4DBE28B2044EA63006A42F7 /* Sources */ = {
			isa = PBXSourcesBuildPhase;
			buildActionMask = 2147483647;
			files = (
				F4DBE2922044EA63006A42F7 /* afazerUITests.swift in Sources */,
				F4DBE29A2044EA86006A42F7 /* SnapshotHelper.swift in Sources */,
			);
			runOnlyForDeploymentPostprocessing = 0;
		};
/* End PBXSourcesBuildPhase section */

/* Begin PBXTargetDependency section */
		F4DBE2952044EA63006A42F7 /* PBXTargetDependency */ = {
			isa = PBXTargetDependency;
			target = F4CB7C3C1FACE93600B779B9 /* afazer */;
			targetProxy = F4DBE2942044EA63006A42F7 /* PBXContainerItemProxy */;
		};
/* End PBXTargetDependency section */

/* Begin PBXVariantGroup section */
		F4CB7C441FACE93600B779B9 /* Main.storyboard */ = {
			isa = PBXVariantGroup;
			children = (
				F4CB7C451FACE93600B779B9 /* Base */,
			);
			name = Main.storyboard;
			sourceTree = "<group>";
		};
/* End PBXVariantGroup section */

/* Begin XCBuildConfiguration section */
		F4CB7C4D1FACE93600B779B9 /* Debug */ = {
			isa = XCBuildConfiguration;
			buildSettings = {
				ALWAYS_SEARCH_USER_PATHS = NO;
				CLANG_ANALYZER_NONNULL = YES;
				CLANG_ANALYZER_NUMBER_OBJECT_CONVERSION = YES_AGGRESSIVE;
				CLANG_CXX_LANGUAGE_STANDARD = "gnu++14";
				CLANG_CXX_LIBRARY = "libc++";
				CLANG_ENABLE_MODULES = YES;
				CLANG_ENABLE_OBJC_ARC = YES;
				CLANG_WARN_BLOCK_CAPTURE_AUTORELEASING = YES;
				CLANG_WARN_BOOL_CONVERSION = YES;
				CLANG_WARN_COMMA = YES;
				CLANG_WARN_CONSTANT_CONVERSION = YES;
				CLANG_WARN_DIRECT_OBJC_ISA_USAGE = YES_ERROR;
				CLANG_WARN_DOCUMENTATION_COMMENTS = YES;
				CLANG_WARN_EMPTY_BODY = YES;
				CLANG_WARN_ENUM_CONVERSION = YES;
				CLANG_WARN_INFINITE_RECURSION = YES;
				CLANG_WARN_INT_CONVERSION = YES;
				CLANG_WARN_NON_LITERAL_NULL_CONVERSION = YES;
				CLANG_WARN_OBJC_LITERAL_CONVERSION = YES;
				CLANG_WARN_OBJC_ROOT_CLASS = YES_ERROR;
				CLANG_WARN_RANGE_LOOP_ANALYSIS = YES;
				CLANG_WARN_STRICT_PROTOTYPES = YES;
				CLANG_WARN_SUSPICIOUS_MOVE = YES;
				CLANG_WARN_UNGUARDED_AVAILABILITY = YES_AGGRESSIVE;
				CLANG_WARN_UNREACHABLE_CODE = YES;
				CLANG_WARN__DUPLICATE_METHOD_MATCH = YES;
				CODE_SIGN_IDENTITY = "iPhone Developer";
				COPY_PHASE_STRIP = NO;
				DEBUG_INFORMATION_FORMAT = dwarf;
				ENABLE_STRICT_OBJC_MSGSEND = YES;
				ENABLE_TESTABILITY = YES;
				GCC_C_LANGUAGE_STANDARD = gnu11;
				GCC_DYNAMIC_NO_PIC = NO;
				GCC_NO_COMMON_BLOCKS = YES;
				GCC_OPTIMIZATION_LEVEL = 0;
				GCC_PREPROCESSOR_DEFINITIONS = (
					"DEBUG=1",
					"$(inherited)",
				);
				GCC_WARN_64_TO_32_BIT_CONVERSION = YES;
				GCC_WARN_ABOUT_RETURN_TYPE = YES_ERROR;
				GCC_WARN_UNDECLARED_SELECTOR = YES;
				GCC_WARN_UNINITIALIZED_AUTOS = YES_AGGRESSIVE;
				GCC_WARN_UNUSED_FUNCTION = YES;
				GCC_WARN_UNUSED_VARIABLE = YES;
				IPHONEOS_DEPLOYMENT_TARGET = 11.0;
				MTL_ENABLE_DEBUG_INFO = YES;
				ONLY_ACTIVE_ARCH = YES;
				SDKROOT = iphoneos;
				SWIFT_ACTIVE_COMPILATION_CONDITIONS = DEBUG;
				SWIFT_OPTIMIZATION_LEVEL = "-Onone";
			};
			name = Debug;
		};
		F4CB7C4E1FACE93600B779B9 /* Release */ = {
			isa = XCBuildConfiguration;
			buildSettings = {
				ALWAYS_SEARCH_USER_PATHS = NO;
				CLANG_ANALYZER_NONNULL = YES;
				CLANG_ANALYZER_NUMBER_OBJECT_CONVERSION = YES_AGGRESSIVE;
				CLANG_CXX_LANGUAGE_STANDARD = "gnu++14";
				CLANG_CXX_LIBRARY = "libc++";
				CLANG_ENABLE_MODULES = YES;
				CLANG_ENABLE_OBJC_ARC = YES;
				CLANG_WARN_BLOCK_CAPTURE_AUTORELEASING = YES;
				CLANG_WARN_BOOL_CONVERSION = YES;
				CLANG_WARN_COMMA = YES;
				CLANG_WARN_CONSTANT_CONVERSION = YES;
				CLANG_WARN_DIRECT_OBJC_ISA_USAGE = YES_ERROR;
				CLANG_WARN_DOCUMENTATION_COMMENTS = YES;
				CLANG_WARN_EMPTY_BODY = YES;
				CLANG_WARN_ENUM_CONVERSION = YES;
				CLANG_WARN_INFINITE_RECURSION = YES;
				CLANG_WARN_INT_CONVERSION = YES;
				CLANG_WARN_NON_LITERAL_NULL_CONVERSION = YES;
				CLANG_WARN_OBJC_LITERAL_CONVERSION = YES;
				CLANG_WARN_OBJC_ROOT_CLASS = YES_ERROR;
				CLANG_WARN_RANGE_LOOP_ANALYSIS = YES;
				CLANG_WARN_STRICT_PROTOTYPES = YES;
				CLANG_WARN_SUSPICIOUS_MOVE = YES;
				CLANG_WARN_UNGUARDED_AVAILABILITY = YES_AGGRESSIVE;
				CLANG_WARN_UNREACHABLE_CODE = YES;
				CLANG_WARN__DUPLICATE_METHOD_MATCH = YES;
				CODE_SIGN_IDENTITY = "iPhone Developer";
				COPY_PHASE_STRIP = NO;
				DEBUG_INFORMATION_FORMAT = "dwarf-with-dsym";
				ENABLE_NS_ASSERTIONS = NO;
				ENABLE_STRICT_OBJC_MSGSEND = YES;
				GCC_C_LANGUAGE_STANDARD = gnu11;
				GCC_NO_COMMON_BLOCKS = YES;
				GCC_WARN_64_TO_32_BIT_CONVERSION = YES;
				GCC_WARN_ABOUT_RETURN_TYPE = YES_ERROR;
				GCC_WARN_UNDECLARED_SELECTOR = YES;
				GCC_WARN_UNINITIALIZED_AUTOS = YES_AGGRESSIVE;
				GCC_WARN_UNUSED_FUNCTION = YES;
				GCC_WARN_UNUSED_VARIABLE = YES;
				IPHONEOS_DEPLOYMENT_TARGET = 11.0;
				MTL_ENABLE_DEBUG_INFO = NO;
				SDKROOT = iphoneos;
				SWIFT_OPTIMIZATION_LEVEL = "-Owholemodule";
				VALIDATE_PRODUCT = YES;
			};
			name = Release;
		};
		F4CB7C501FACE93600B779B9 /* Debug */ = {
			isa = XCBuildConfiguration;
			buildSettings = {
				ASSETCATALOG_COMPILER_APPICON_NAME = AppIcon;
				CODE_SIGN_STYLE = Automatic;
				DEVELOPMENT_TEAM = 8UW672R5KC;
				INFOPLIST_FILE = afazer/Info.plist;
				LD_RUNPATH_SEARCH_PATHS = "$(inherited) @executable_path/Frameworks";
				PRODUCT_BUNDLE_IDENTIFIER = br.com.afazer;
				PRODUCT_NAME = "$(TARGET_NAME)";
				SWIFT_VERSION = 4.0;
				TARGETED_DEVICE_FAMILY = 1;
			};
			name = Debug;
		};
		F4CB7C511FACE93600B779B9 /* Release */ = {
			isa = XCBuildConfiguration;
			buildSettings = {
				ASSETCATALOG_COMPILER_APPICON_NAME = AppIcon;
				CODE_SIGN_STYLE = Automatic;
				DEVELOPMENT_TEAM = 8UW672R5KC;
				INFOPLIST_FILE = afazer/Info.plist;
				LD_RUNPATH_SEARCH_PATHS = "$(inherited) @executable_path/Frameworks";
				PRODUCT_BUNDLE_IDENTIFIER = br.com.afazer;
				PRODUCT_NAME = "$(TARGET_NAME)";
				SWIFT_VERSION = 4.0;
				TARGETED_DEVICE_FAMILY = 1;
			};
			name = Release;
		};
		F4DBE2972044EA63006A42F7 /* Debug */ = {
			isa = XCBuildConfiguration;
			buildSettings = {
				CODE_SIGN_STYLE = Automatic;
				DEVELOPMENT_TEAM = 8UW672R5KC;
				INFOPLIST_FILE = afazerUITests/Info.plist;
				IPHONEOS_DEPLOYMENT_TARGET = 11.2;
				LD_RUNPATH_SEARCH_PATHS = "$(inherited) @executable_path/Frameworks @loader_path/Frameworks";
				PRODUCT_BUNDLE_IDENTIFIER = br.com.afazerUITests;
				PRODUCT_NAME = "$(TARGET_NAME)";
				SWIFT_VERSION = 4.0;
				TARGETED_DEVICE_FAMILY = "1,2";
				TEST_TARGET_NAME = afazer;
			};
			name = Debug;
		};
		F4DBE2982044EA63006A42F7 /* Release */ = {
			isa = XCBuildConfiguration;
			buildSettings = {
				CODE_SIGN_STYLE = Automatic;
				DEVELOPMENT_TEAM = 8UW672R5KC;
				INFOPLIST_FILE = afazerUITests/Info.plist;
				IPHONEOS_DEPLOYMENT_TARGET = 11.2;
				LD_RUNPATH_SEARCH_PATHS = "$(inherited) @executable_path/Frameworks @loader_path/Frameworks";
				PRODUCT_BUNDLE_IDENTIFIER = br.com.afazerUITests;
				PRODUCT_NAME = "$(TARGET_NAME)";
				SWIFT_VERSION = 4.0;
				TARGETED_DEVICE_FAMILY = "1,2";
				TEST_TARGET_NAME = afazer;
			};
			name = Release;
		};
/* End XCBuildConfiguration section */

/* Begin XCConfigurationList section */
		F4CB7C381FACE93600B779B9 /* Build configuration list for PBXProject "afazer" */ = {
			isa = XCConfigurationList;
			buildConfigurations = (
				F4CB7C4D1FACE93600B779B9 /* Debug */,
				F4CB7C4E1FACE93600B779B9 /* Release */,
			);
			defaultConfigurationIsVisible = 0;
			defaultConfigurationName = Release;
		};
		F4CB7C4F1FACE93600B779B9 /* Build configuration list for PBXNativeTarget "afazer" */ = {
			isa = XCConfigurationList;
			buildConfigurations = (
				F4CB7C501FACE93600B779B9 /* Debug */,
				F4CB7C511FACE93600B779B9 /* Release */,
			);
			defaultConfigurationIsVisible = 0;
			defaultConfigurationName = Release;
		};
		F4DBE2962044EA63006A42F7 /* Build configuration list for PBXNativeTarget "afazerUITests" */ = {
			isa = XCConfigurationList;
			buildConfigurations = (
				F4DBE2972044EA63006A42F7 /* Debug */,
				F4DBE2982044EA63006A42F7 /* Release */,
			);
			defaultConfigurationIsVisible = 0;
			defaultConfigurationName = Release;
		};
/* End XCConfigurationList section */
	};
	rootObject = F4CB7C351FACE93600B779B9 /* Project object */;
}
